PODS:
  - cryptography_flutter (0.0.1):
    - Flutter
  - Flutter (1.0.0)
  - integration_test (0.0.1):
    - Flutter
  - satusehat_isdk (0.0.1):
    - Flutter

DEPENDENCIES:
  - cryptography_flutter (from `.symlinks/plugins/cryptography_flutter/ios`)
  - Flutter (from `Flutter`)
  - integration_test (from `.symlinks/plugins/integration_test/ios`)
  - satusehat_isdk (from `.symlinks/plugins/satusehat_isdk/ios`)

EXTERNAL SOURCES:
  cryptography_flutter:
    :path: ".symlinks/plugins/cryptography_flutter/ios"
  Flutter:
    :path: Flutter
  integration_test:
    :path: ".symlinks/plugins/integration_test/ios"
  satusehat_isdk:
    :path: ".symlinks/plugins/satusehat_isdk/ios"

SPEC CHECKSUMS:
  cryptography_flutter: 4868d92d3e47f91f0bc321e63e6fa0387f365f11
  Flutter: cabc95a1d2626b1b06e7179b784ebcf0c0cde467
  integration_test: 4a889634ef21a45d28d50d622cf412dc6d9f586e
  satusehat_isdk: 4eb21e6471bafc997e3b088d3c6ea4ed27e55b27

PODFILE CHECKSUM: 53a6aebc29ccee84c41f92f409fc20cd4ca011f1

COCOAPODS: 1.16.2
